// !$*UTF8*$!
{
	archiveVersion = 1;
	classes = {
	};
	objectVersion = 50;
	objects = {

/* Begin PBXBuildFile section */
		BA32047024ED339A009921A4 /* PokemonListPresenter.swift in Sources */ = {isa = PBXBuildFile; fileRef = BA32046F24ED339A009921A4 /* PokemonListPresenter.swift */; };
		BA32047324ED3563009921A4 /* Coordinator+Transition.swift in Sources */ = {isa = PBXBuildFile; fileRef = BA32047224ED3563009921A4 /* Coordinator+Transition.swift */; };
		BA32047C24ED383F009921A4 /* PokemonListViewController.swift in Sources */ = {isa = PBXBuildFile; fileRef = BA32047A24ED383F009921A4 /* PokemonListViewController.swift */; };
		BA32047D24ED383F009921A4 /* PokemonListViewController.xib in Resources */ = {isa = PBXBuildFile; fileRef = BA32047B24ED383F009921A4 /* PokemonListViewController.xib */; };
		BA32047F24ED7818009921A4 /* UICollectionViewCell+Register.swift in Sources */ = {isa = PBXBuildFile; fileRef = BA32047E24ED7818009921A4 /* UICollectionViewCell+Register.swift */; };
		BA32048124ED7849009921A4 /* ReuseIdentifiable.swift in Sources */ = {isa = PBXBuildFile; fileRef = BA32048024ED7849009921A4 /* ReuseIdentifiable.swift */; };
		BA6A2ACA24EEB6AD004B1800 /* Constants.swift in Sources */ = {isa = PBXBuildFile; fileRef = BA6A2AC924EEB6AD004B1800 /* Constants.swift */; };
		BA6A2ACE24EEC90E004B1800 /* TitledImageCell.swift in Sources */ = {isa = PBXBuildFile; fileRef = BA6A2ACC24EEC90E004B1800 /* TitledImageCell.swift */; };
		BA6A2ACF24EEC90E004B1800 /* TitledImageCell.xib in Resources */ = {isa = PBXBuildFile; fileRef = BA6A2ACD24EEC90E004B1800 /* TitledImageCell.xib */; };
		BA6A2AD124EECBB1004B1800 /* Assets.swift in Sources */ = {isa = PBXBuildFile; fileRef = BA6A2AD024EECBB1004B1800 /* Assets.swift */; };
		BA7D979E24F00A2C00744355 /* NetworkLayer.framework in Frameworks */ = {isa = PBXBuildFile; fileRef = BA7D979D24F00A2C00744355 /* NetworkLayer.framework */; };
		BA7D979F24F00A2C00744355 /* NetworkLayer.framework in Embed Frameworks */ = {isa = PBXBuildFile; fileRef = BA7D979D24F00A2C00744355 /* NetworkLayer.framework */; settings = {ATTRIBUTES = (CodeSignOnCopy, RemoveHeadersOnCopy, ); }; };
		BA7D97A224F0198A00744355 /* Api.swift in Sources */ = {isa = PBXBuildFile; fileRef = BA7D97A124F0198A00744355 /* Api.swift */; };
		BA7D97A424F01EFD00744355 /* ApiTests.swift in Sources */ = {isa = PBXBuildFile; fileRef = BA7D97A324F01EFD00744355 /* ApiTests.swift */; };
		BA7D97A724F0288F00744355 /* PokemonDataProvider.swift in Sources */ = {isa = PBXBuildFile; fileRef = BA7D97A624F0288F00744355 /* PokemonDataProvider.swift */; };
		BA7D97AC24F02C0300744355 /* PokemonReference.swift in Sources */ = {isa = PBXBuildFile; fileRef = BA7D97AB24F02C0300744355 /* PokemonReference.swift */; };
		BA9F06A824ED18FC003A6A7B /* AppDelegate.swift in Sources */ = {isa = PBXBuildFile; fileRef = BA9F06A724ED18FC003A6A7B /* AppDelegate.swift */; };
		BA9F06B424ED18FF003A6A7B /* Assets.xcassets in Resources */ = {isa = PBXBuildFile; fileRef = BA9F06B324ED18FF003A6A7B /* Assets.xcassets */; };
		BA9F06B724ED18FF003A6A7B /* LaunchScreen.storyboard in Resources */ = {isa = PBXBuildFile; fileRef = BA9F06B524ED18FF003A6A7B /* LaunchScreen.storyboard */; };
		BA9F06C224ED18FF003A6A7B /* PokedexTests.swift in Sources */ = {isa = PBXBuildFile; fileRef = BA9F06C124ED18FF003A6A7B /* PokedexTests.swift */; };
		BA9F06E224ED1A14003A6A7B /* View.swift in Sources */ = {isa = PBXBuildFile; fileRef = BA9F06E124ED1A14003A6A7B /* View.swift */; };
		BA9F06E424ED1A2A003A6A7B /* BaseViewController.swift in Sources */ = {isa = PBXBuildFile; fileRef = BA9F06E324ED1A2A003A6A7B /* BaseViewController.swift */; };
		BA9F06E624ED1A37003A6A7B /* BasePresenter.swift in Sources */ = {isa = PBXBuildFile; fileRef = BA9F06E524ED1A37003A6A7B /* BasePresenter.swift */; };
		BA9F06E824ED1A45003A6A7B /* BaseCoordinator.swift in Sources */ = {isa = PBXBuildFile; fileRef = BA9F06E724ED1A45003A6A7B /* BaseCoordinator.swift */; };
		BA9F06EA24ED1A50003A6A7B /* BaseView.swift in Sources */ = {isa = PBXBuildFile; fileRef = BA9F06E924ED1A50003A6A7B /* BaseView.swift */; };
		BA9F06EC24ED1A5C003A6A7B /* Presenter.swift in Sources */ = {isa = PBXBuildFile; fileRef = BA9F06EB24ED1A5C003A6A7B /* Presenter.swift */; };
		BA9F06EE24ED1A67003A6A7B /* Coordinator.swift in Sources */ = {isa = PBXBuildFile; fileRef = BA9F06ED24ED1A67003A6A7B /* Coordinator.swift */; };
		BA9F06F024ED1A71003A6A7B /* Navigator.swift in Sources */ = {isa = PBXBuildFile; fileRef = BA9F06EF24ED1A71003A6A7B /* Navigator.swift */; };
		BA9F06F424ED1AAD003A6A7B /* NibLoadable.swift in Sources */ = {isa = PBXBuildFile; fileRef = BA9F06F324ED1AAD003A6A7B /* NibLoadable.swift */; };
		BA9F06F924ED2BB0003A6A7B /* AppCoordinator.swift in Sources */ = {isa = PBXBuildFile; fileRef = BA9F06F824ED2BB0003A6A7B /* AppCoordinator.swift */; };
		BAE9253D24F27D370049C2ED /* PaginatedResult.swift in Sources */ = {isa = PBXBuildFile; fileRef = BAE9253C24F27D370049C2ED /* PaginatedResult.swift */; };
/* End PBXBuildFile section */

/* Begin PBXContainerItemProxy section */
		BA9F06BE24ED18FF003A6A7B /* PBXContainerItemProxy */ = {
			isa = PBXContainerItemProxy;
			containerPortal = BA9F069C24ED18FC003A6A7B /* Project object */;
			proxyType = 1;
			remoteGlobalIDString = BA9F06A324ED18FC003A6A7B;
			remoteInfo = Pokedex;
		};
/* End PBXContainerItemProxy section */

/* Begin PBXCopyFilesBuildPhase section */
		BA7D97A024F00A2C00744355 /* Embed Frameworks */ = {
			isa = PBXCopyFilesBuildPhase;
			buildActionMask = 2147483647;
			dstPath = "";
			dstSubfolderSpec = 10;
			files = (
				BA7D979F24F00A2C00744355 /* NetworkLayer.framework in Embed Frameworks */,
			);
			name = "Embed Frameworks";
			runOnlyForDeploymentPostprocessing = 0;
		};
/* End PBXCopyFilesBuildPhase section */

/* Begin PBXFileReference section */
		BA32046F24ED339A009921A4 /* PokemonListPresenter.swift */ = {isa = PBXFileReference; lastKnownFileType = sourcecode.swift; path = PokemonListPresenter.swift; sourceTree = "<group>"; };
		BA32047224ED3563009921A4 /* Coordinator+Transition.swift */ = {isa = PBXFileReference; lastKnownFileType = sourcecode.swift; path = "Coordinator+Transition.swift"; sourceTree = "<group>"; };
		BA32047A24ED383F009921A4 /* PokemonListViewController.swift */ = {isa = PBXFileReference; lastKnownFileType = sourcecode.swift; path = PokemonListViewController.swift; sourceTree = "<group>"; };
		BA32047B24ED383F009921A4 /* PokemonListViewController.xib */ = {isa = PBXFileReference; lastKnownFileType = file.xib; path = PokemonListViewController.xib; sourceTree = "<group>"; };
		BA32047E24ED7818009921A4 /* UICollectionViewCell+Register.swift */ = {isa = PBXFileReference; lastKnownFileType = sourcecode.swift; path = "UICollectionViewCell+Register.swift"; sourceTree = "<group>"; };
		BA32048024ED7849009921A4 /* ReuseIdentifiable.swift */ = {isa = PBXFileReference; lastKnownFileType = sourcecode.swift; path = ReuseIdentifiable.swift; sourceTree = "<group>"; };
		BA6A2AC924EEB6AD004B1800 /* Constants.swift */ = {isa = PBXFileReference; lastKnownFileType = sourcecode.swift; path = Constants.swift; sourceTree = "<group>"; };
		BA6A2ACC24EEC90E004B1800 /* TitledImageCell.swift */ = {isa = PBXFileReference; lastKnownFileType = sourcecode.swift; path = TitledImageCell.swift; sourceTree = "<group>"; };
		BA6A2ACD24EEC90E004B1800 /* TitledImageCell.xib */ = {isa = PBXFileReference; lastKnownFileType = file.xib; path = TitledImageCell.xib; sourceTree = "<group>"; };
		BA6A2AD024EECBB1004B1800 /* Assets.swift */ = {isa = PBXFileReference; lastKnownFileType = sourcecode.swift; path = Assets.swift; sourceTree = "<group>"; };
		BA7D979D24F00A2C00744355 /* NetworkLayer.framework */ = {isa = PBXFileReference; explicitFileType = wrapper.framework; path = NetworkLayer.framework; sourceTree = BUILT_PRODUCTS_DIR; };
		BA7D97A124F0198A00744355 /* Api.swift */ = {isa = PBXFileReference; lastKnownFileType = sourcecode.swift; path = Api.swift; sourceTree = "<group>"; };
		BA7D97A324F01EFD00744355 /* ApiTests.swift */ = {isa = PBXFileReference; lastKnownFileType = sourcecode.swift; path = ApiTests.swift; sourceTree = "<group>"; };
		BA7D97A624F0288F00744355 /* PokemonDataProvider.swift */ = {isa = PBXFileReference; lastKnownFileType = sourcecode.swift; path = PokemonDataProvider.swift; sourceTree = "<group>"; };
		BA7D97AB24F02C0300744355 /* PokemonReference.swift */ = {isa = PBXFileReference; lastKnownFileType = sourcecode.swift; path = PokemonReference.swift; sourceTree = "<group>"; };
		BA9F06A424ED18FC003A6A7B /* Pokedex.app */ = {isa = PBXFileReference; explicitFileType = wrapper.application; includeInIndex = 0; path = Pokedex.app; sourceTree = BUILT_PRODUCTS_DIR; };
		BA9F06A724ED18FC003A6A7B /* AppDelegate.swift */ = {isa = PBXFileReference; lastKnownFileType = sourcecode.swift; path = AppDelegate.swift; sourceTree = "<group>"; };
		BA9F06B324ED18FF003A6A7B /* Assets.xcassets */ = {isa = PBXFileReference; lastKnownFileType = folder.assetcatalog; path = Assets.xcassets; sourceTree = "<group>"; };
		BA9F06B624ED18FF003A6A7B /* Base */ = {isa = PBXFileReference; lastKnownFileType = file.storyboard; name = Base; path = Base.lproj/LaunchScreen.storyboard; sourceTree = "<group>"; };
		BA9F06B824ED18FF003A6A7B /* Info.plist */ = {isa = PBXFileReference; lastKnownFileType = text.plist.xml; path = Info.plist; sourceTree = "<group>"; };
		BA9F06BD24ED18FF003A6A7B /* PokedexTests.xctest */ = {isa = PBXFileReference; explicitFileType = wrapper.cfbundle; includeInIndex = 0; path = PokedexTests.xctest; sourceTree = BUILT_PRODUCTS_DIR; };
		BA9F06C124ED18FF003A6A7B /* PokedexTests.swift */ = {isa = PBXFileReference; lastKnownFileType = sourcecode.swift; path = PokedexTests.swift; sourceTree = "<group>"; };
		BA9F06C324ED18FF003A6A7B /* Info.plist */ = {isa = PBXFileReference; lastKnownFileType = text.plist.xml; path = Info.plist; sourceTree = "<group>"; };
		BA9F06E124ED1A14003A6A7B /* View.swift */ = {isa = PBXFileReference; lastKnownFileType = sourcecode.swift; path = View.swift; sourceTree = "<group>"; };
		BA9F06E324ED1A2A003A6A7B /* BaseViewController.swift */ = {isa = PBXFileReference; lastKnownFileType = sourcecode.swift; path = BaseViewController.swift; sourceTree = "<group>"; };
		BA9F06E524ED1A37003A6A7B /* BasePresenter.swift */ = {isa = PBXFileReference; lastKnownFileType = sourcecode.swift; path = BasePresenter.swift; sourceTree = "<group>"; };
		BA9F06E724ED1A45003A6A7B /* BaseCoordinator.swift */ = {isa = PBXFileReference; lastKnownFileType = sourcecode.swift; path = BaseCoordinator.swift; sourceTree = "<group>"; };
		BA9F06E924ED1A50003A6A7B /* BaseView.swift */ = {isa = PBXFileReference; lastKnownFileType = sourcecode.swift; path = BaseView.swift; sourceTree = "<group>"; };
		BA9F06EB24ED1A5C003A6A7B /* Presenter.swift */ = {isa = PBXFileReference; lastKnownFileType = sourcecode.swift; path = Presenter.swift; sourceTree = "<group>"; };
		BA9F06ED24ED1A67003A6A7B /* Coordinator.swift */ = {isa = PBXFileReference; lastKnownFileType = sourcecode.swift; path = Coordinator.swift; sourceTree = "<group>"; };
		BA9F06EF24ED1A71003A6A7B /* Navigator.swift */ = {isa = PBXFileReference; lastKnownFileType = sourcecode.swift; path = Navigator.swift; sourceTree = "<group>"; };
		BA9F06F324ED1AAD003A6A7B /* NibLoadable.swift */ = {isa = PBXFileReference; lastKnownFileType = sourcecode.swift; path = NibLoadable.swift; sourceTree = "<group>"; };
		BA9F06F824ED2BB0003A6A7B /* AppCoordinator.swift */ = {isa = PBXFileReference; lastKnownFileType = sourcecode.swift; path = AppCoordinator.swift; sourceTree = "<group>"; };
		BAE9253C24F27D370049C2ED /* PaginatedResult.swift */ = {isa = PBXFileReference; lastKnownFileType = sourcecode.swift; path = PaginatedResult.swift; sourceTree = "<group>"; };
/* End PBXFileReference section */

/* Begin PBXFrameworksBuildPhase section */
		BA9F06A124ED18FC003A6A7B /* Frameworks */ = {
			isa = PBXFrameworksBuildPhase;
			buildActionMask = 2147483647;
			files = (
				BA7D979E24F00A2C00744355 /* NetworkLayer.framework in Frameworks */,
			);
			runOnlyForDeploymentPostprocessing = 0;
		};
		BA9F06BA24ED18FF003A6A7B /* Frameworks */ = {
			isa = PBXFrameworksBuildPhase;
			buildActionMask = 2147483647;
			files = (
			);
			runOnlyForDeploymentPostprocessing = 0;
		};
/* End PBXFrameworksBuildPhase section */

/* Begin PBXGroup section */
		BA32047124ED3556009921A4 /* Extensions */ = {
			isa = PBXGroup;
			children = (
				BA32047224ED3563009921A4 /* Coordinator+Transition.swift */,
				BA32047E24ED7818009921A4 /* UICollectionViewCell+Register.swift */,
			);
			path = Extensions;
			sourceTree = "<group>";
		};
		BA6A2AC824EEB6A3004B1800 /* Common */ = {
			isa = PBXGroup;
			children = (
				BA6A2AC924EEB6AD004B1800 /* Constants.swift */,
				BA6A2AD024EECBB1004B1800 /* Assets.swift */,
			);
			path = Common;
			sourceTree = "<group>";
		};
		BA6A2ACB24EEC8DB004B1800 /* TitledImageCell */ = {
			isa = PBXGroup;
			children = (
				BA6A2ACC24EEC90E004B1800 /* TitledImageCell.swift */,
				BA6A2ACD24EEC90E004B1800 /* TitledImageCell.xib */,
			);
			path = TitledImageCell;
			sourceTree = "<group>";
		};
		BA7D979C24F00A2C00744355 /* Frameworks */ = {
			isa = PBXGroup;
			children = (
				BA7D979D24F00A2C00744355 /* NetworkLayer.framework */,
			);
			name = Frameworks;
			sourceTree = "<group>";
		};
		BA7D97A524F0285E00744355 /* Core */ = {
			isa = PBXGroup;
			children = (
				BA7D97A124F0198A00744355 /* Api.swift */,
				BA7D97A624F0288F00744355 /* PokemonDataProvider.swift */,
			);
			path = Core;
			sourceTree = "<group>";
		};
		BA7D97A824F02BED00744355 /* Models */ = {
			isa = PBXGroup;
			children = (
				BA7D97AA24F02BF600744355 /* Domain */,
				BA7D97A924F02BF000744355 /* Service */,
			);
			path = Models;
			sourceTree = "<group>";
		};
		BA7D97A924F02BF000744355 /* Service */ = {
			isa = PBXGroup;
			children = (
				BA7D97AB24F02C0300744355 /* PokemonReference.swift */,
				BAE9253C24F27D370049C2ED /* PaginatedResult.swift */,
			);
			path = Service;
			sourceTree = "<group>";
		};
		BA7D97AA24F02BF600744355 /* Domain */ = {
			isa = PBXGroup;
			children = (
			);
			path = Domain;
			sourceTree = "<group>";
		};
		BA9F069B24ED18FC003A6A7B = {
			isa = PBXGroup;
			children = (
				BA9F06A624ED18FC003A6A7B /* Pokedex */,
				BA9F06C024ED18FF003A6A7B /* PokedexTests */,
				BA9F06A524ED18FC003A6A7B /* Products */,
				BA7D979C24F00A2C00744355 /* Frameworks */,
			);
			sourceTree = "<group>";
		};
		BA9F06A524ED18FC003A6A7B /* Products */ = {
			isa = PBXGroup;
			children = (
				BA9F06A424ED18FC003A6A7B /* Pokedex.app */,
				BA9F06BD24ED18FF003A6A7B /* PokedexTests.xctest */,
			);
			name = Products;
			sourceTree = "<group>";
		};
		BA9F06A624ED18FC003A6A7B /* Pokedex */ = {
			isa = PBXGroup;
			children = (
				BA9F06F624ED2AC3003A6A7B /* Resources */,
				BA9F06CC24ED19C2003A6A7B /* Source */,
				BA9F06F524ED2A9B003A6A7B /* Supporting Files */,
			);
			path = Pokedex;
			sourceTree = "<group>";
		};
		BA9F06C024ED18FF003A6A7B /* PokedexTests */ = {
			isa = PBXGroup;
			children = (
				BA9F06C124ED18FF003A6A7B /* PokedexTests.swift */,
				BA7D97A324F01EFD00744355 /* ApiTests.swift */,
				BA9F06C324ED18FF003A6A7B /* Info.plist */,
			);
			path = PokedexTests;
			sourceTree = "<group>";
		};
		BA9F06CC24ED19C2003A6A7B /* Source */ = {
			isa = PBXGroup;
			children = (
				BA7D97A824F02BED00744355 /* Models */,
				BA7D97A524F0285E00744355 /* Core */,
				BA6A2AC824EEB6A3004B1800 /* Common */,
				BA32047124ED3556009921A4 /* Extensions */,
				BA9F06F724ED2BA4003A6A7B /* Screens */,
				BA9F06F224ED1AA3003A6A7B /* Protocols */,
				BA9F06CF24ED19DC003A6A7B /* Architecture */,
			);
			path = Source;
			sourceTree = "<group>";
		};
		BA9F06CF24ED19DC003A6A7B /* Architecture */ = {
			isa = PBXGroup;
			children = (
				BA9F06ED24ED1A67003A6A7B /* Coordinator.swift */,
				BA9F06EF24ED1A71003A6A7B /* Navigator.swift */,
				BA9F06EB24ED1A5C003A6A7B /* Presenter.swift */,
				BA9F06E124ED1A14003A6A7B /* View.swift */,
				BA9F06D124ED19DC003A6A7B /* BaseClasses */,
			);
			path = Architecture;
			sourceTree = "<group>";
		};
		BA9F06D124ED19DC003A6A7B /* BaseClasses */ = {
			isa = PBXGroup;
			children = (
				BA9F06E324ED1A2A003A6A7B /* BaseViewController.swift */,
				BA9F06E524ED1A37003A6A7B /* BasePresenter.swift */,
				BA9F06E724ED1A45003A6A7B /* BaseCoordinator.swift */,
				BA9F06E924ED1A50003A6A7B /* BaseView.swift */,
			);
			path = BaseClasses;
			sourceTree = "<group>";
		};
		BA9F06F224ED1AA3003A6A7B /* Protocols */ = {
			isa = PBXGroup;
			children = (
				BA9F06F324ED1AAD003A6A7B /* NibLoadable.swift */,
				BA32048024ED7849009921A4 /* ReuseIdentifiable.swift */,
			);
			path = Protocols;
			sourceTree = "<group>";
		};
		BA9F06F524ED2A9B003A6A7B /* Supporting Files */ = {
			isa = PBXGroup;
			children = (
				BA9F06A724ED18FC003A6A7B /* AppDelegate.swift */,
				BA9F06B824ED18FF003A6A7B /* Info.plist */,
			);
			path = "Supporting Files";
			sourceTree = "<group>";
		};
		BA9F06F624ED2AC3003A6A7B /* Resources */ = {
			isa = PBXGroup;
			children = (
				BA9F06B324ED18FF003A6A7B /* Assets.xcassets */,
				BA9F06B524ED18FF003A6A7B /* LaunchScreen.storyboard */,
			);
			path = Resources;
			sourceTree = "<group>";
		};
		BA9F06F724ED2BA4003A6A7B /* Screens */ = {
			isa = PBXGroup;
			children = (
				BA9F06FA24ED2D26003A6A7B /* Pokemon List */,
				BA9F06F824ED2BB0003A6A7B /* AppCoordinator.swift */,
			);
			path = Screens;
			sourceTree = "<group>";
		};
		BA9F06FA24ED2D26003A6A7B /* Pokemon List */ = {
			isa = PBXGroup;
			children = (
				BA6A2ACB24EEC8DB004B1800 /* TitledImageCell */,
				BA32046F24ED339A009921A4 /* PokemonListPresenter.swift */,
				BA32047A24ED383F009921A4 /* PokemonListViewController.swift */,
				BA32047B24ED383F009921A4 /* PokemonListViewController.xib */,
			);
			path = "Pokemon List";
			sourceTree = "<group>";
		};
/* End PBXGroup section */

/* Begin PBXNativeTarget section */
		BA9F06A324ED18FC003A6A7B /* Pokedex */ = {
			isa = PBXNativeTarget;
			buildConfigurationList = BA9F06C624ED18FF003A6A7B /* Build configuration list for PBXNativeTarget "Pokedex" */;
			buildPhases = (
				BA9F06A024ED18FC003A6A7B /* Sources */,
				BA9F06A124ED18FC003A6A7B /* Frameworks */,
				BA9F06A224ED18FC003A6A7B /* Resources */,
				BA7D97A024F00A2C00744355 /* Embed Frameworks */,
			);
			buildRules = (
			);
			dependencies = (
			);
			name = Pokedex;
			productName = Pokedex;
			productReference = BA9F06A424ED18FC003A6A7B /* Pokedex.app */;
			productType = "com.apple.product-type.application";
		};
		BA9F06BC24ED18FF003A6A7B /* PokedexTests */ = {
			isa = PBXNativeTarget;
			buildConfigurationList = BA9F06C924ED18FF003A6A7B /* Build configuration list for PBXNativeTarget "PokedexTests" */;
			buildPhases = (
				BA9F06B924ED18FF003A6A7B /* Sources */,
				BA9F06BA24ED18FF003A6A7B /* Frameworks */,
				BA9F06BB24ED18FF003A6A7B /* Resources */,
			);
			buildRules = (
			);
			dependencies = (
				BA9F06BF24ED18FF003A6A7B /* PBXTargetDependency */,
			);
			name = PokedexTests;
			productName = PokedexTests;
			productReference = BA9F06BD24ED18FF003A6A7B /* PokedexTests.xctest */;
			productType = "com.apple.product-type.bundle.unit-test";
		};
/* End PBXNativeTarget section */

/* Begin PBXProject section */
		BA9F069C24ED18FC003A6A7B /* Project object */ = {
			isa = PBXProject;
			attributes = {
				LastSwiftUpdateCheck = 1160;
				LastUpgradeCheck = 1160;
				ORGANIZATIONNAME = "Martino Godswill Essuman";
				TargetAttributes = {
					BA9F06A324ED18FC003A6A7B = {
						CreatedOnToolsVersion = 11.6;
					};
					BA9F06BC24ED18FF003A6A7B = {
						CreatedOnToolsVersion = 11.6;
						TestTargetID = BA9F06A324ED18FC003A6A7B;
					};
				};
			};
			buildConfigurationList = BA9F069F24ED18FC003A6A7B /* Build configuration list for PBXProject "Pokedex" */;
			compatibilityVersion = "Xcode 9.3";
			developmentRegion = en;
			hasScannedForEncodings = 0;
			knownRegions = (
				en,
				Base,
			);
			mainGroup = BA9F069B24ED18FC003A6A7B;
			productRefGroup = BA9F06A524ED18FC003A6A7B /* Products */;
			projectDirPath = "";
			projectRoot = "";
			targets = (
				BA9F06A324ED18FC003A6A7B /* Pokedex */,
				BA9F06BC24ED18FF003A6A7B /* PokedexTests */,
			);
		};
/* End PBXProject section */

/* Begin PBXResourcesBuildPhase section */
		BA9F06A224ED18FC003A6A7B /* Resources */ = {
			isa = PBXResourcesBuildPhase;
			buildActionMask = 2147483647;
			files = (
				BA32047D24ED383F009921A4 /* PokemonListViewController.xib in Resources */,
				BA6A2ACF24EEC90E004B1800 /* TitledImageCell.xib in Resources */,
				BA9F06B724ED18FF003A6A7B /* LaunchScreen.storyboard in Resources */,
				BA9F06B424ED18FF003A6A7B /* Assets.xcassets in Resources */,
			);
			runOnlyForDeploymentPostprocessing = 0;
		};
		BA9F06BB24ED18FF003A6A7B /* Resources */ = {
			isa = PBXResourcesBuildPhase;
			buildActionMask = 2147483647;
			files = (
			);
			runOnlyForDeploymentPostprocessing = 0;
		};
/* End PBXResourcesBuildPhase section */

/* Begin PBXSourcesBuildPhase section */
		BA9F06A024ED18FC003A6A7B /* Sources */ = {
			isa = PBXSourcesBuildPhase;
			buildActionMask = 2147483647;
			files = (
				BA9F06F924ED2BB0003A6A7B /* AppCoordinator.swift in Sources */,
				BA6A2ACA24EEB6AD004B1800 /* Constants.swift in Sources */,
				BA7D97A724F0288F00744355 /* PokemonDataProvider.swift in Sources */,
				BA9F06E624ED1A37003A6A7B /* BasePresenter.swift in Sources */,
				BA32047F24ED7818009921A4 /* UICollectionViewCell+Register.swift in Sources */,
				BA9F06EA24ED1A50003A6A7B /* BaseView.swift in Sources */,
				BA32047324ED3563009921A4 /* Coordinator+Transition.swift in Sources */,
				BA9F06E424ED1A2A003A6A7B /* BaseViewController.swift in Sources */,
				BA6A2ACE24EEC90E004B1800 /* TitledImageCell.swift in Sources */,
				BA7D97AC24F02C0300744355 /* PokemonReference.swift in Sources */,
				BA32048124ED7849009921A4 /* ReuseIdentifiable.swift in Sources */,
				BA9F06F024ED1A71003A6A7B /* Navigator.swift in Sources */,
				BA9F06EC24ED1A5C003A6A7B /* Presenter.swift in Sources */,
				BA6A2AD124EECBB1004B1800 /* Assets.swift in Sources */,
				BAE9253D24F27D370049C2ED /* PaginatedResult.swift in Sources */,
				BA9F06A824ED18FC003A6A7B /* AppDelegate.swift in Sources */,
				BA32047024ED339A009921A4 /* PokemonListPresenter.swift in Sources */,
				BA9F06EE24ED1A67003A6A7B /* Coordinator.swift in Sources */,
				BA32047C24ED383F009921A4 /* PokemonListViewController.swift in Sources */,
				BA9F06E824ED1A45003A6A7B /* BaseCoordinator.swift in Sources */,
				BA9F06F424ED1AAD003A6A7B /* NibLoadable.swift in Sources */,
				BA7D97A224F0198A00744355 /* Api.swift in Sources */,
				BA9F06E224ED1A14003A6A7B /* View.swift in Sources */,
			);
			runOnlyForDeploymentPostprocessing = 0;
		};
		BA9F06B924ED18FF003A6A7B /* Sources */ = {
			isa = PBXSourcesBuildPhase;
			buildActionMask = 2147483647;
			files = (
				BA7D97A424F01EFD00744355 /* ApiTests.swift in Sources */,
				BA9F06C224ED18FF003A6A7B /* PokedexTests.swift in Sources */,
			);
			runOnlyForDeploymentPostprocessing = 0;
		};
/* End PBXSourcesBuildPhase section */

/* Begin PBXTargetDependency section */
		BA9F06BF24ED18FF003A6A7B /* PBXTargetDependency */ = {
			isa = PBXTargetDependency;
			target = BA9F06A324ED18FC003A6A7B /* Pokedex */;
			targetProxy = BA9F06BE24ED18FF003A6A7B /* PBXContainerItemProxy */;
		};
/* End PBXTargetDependency section */

/* Begin PBXVariantGroup section */
		BA9F06B524ED18FF003A6A7B /* LaunchScreen.storyboard */ = {
			isa = PBXVariantGroup;
			children = (
				BA9F06B624ED18FF003A6A7B /* Base */,
			);
			name = LaunchScreen.storyboard;
			sourceTree = "<group>";
		};
/* End PBXVariantGroup section */

/* Begin XCBuildConfiguration section */
		BA9F06C424ED18FF003A6A7B /* Debug */ = {
			isa = XCBuildConfiguration;
			buildSettings = {
				ALWAYS_SEARCH_USER_PATHS = NO;
				CLANG_ANALYZER_NONNULL = YES;
				CLANG_ANALYZER_NUMBER_OBJECT_CONVERSION = YES_AGGRESSIVE;
				CLANG_CXX_LANGUAGE_STANDARD = "gnu++14";
				CLANG_CXX_LIBRARY = "libc++";
				CLANG_ENABLE_MODULES = YES;
				CLANG_ENABLE_OBJC_ARC = YES;
				CLANG_ENABLE_OBJC_WEAK = YES;
				CLANG_WARN_BLOCK_CAPTURE_AUTORELEASING = YES;
				CLANG_WARN_BOOL_CONVERSION = YES;
				CLANG_WARN_COMMA = YES;
				CLANG_WARN_CONSTANT_CONVERSION = YES;
				CLANG_WARN_DEPRECATED_OBJC_IMPLEMENTATIONS = YES;
				CLANG_WARN_DIRECT_OBJC_ISA_USAGE = YES_ERROR;
				CLANG_WARN_DOCUMENTATION_COMMENTS = YES;
				CLANG_WARN_EMPTY_BODY = YES;
				CLANG_WARN_ENUM_CONVERSION = YES;
				CLANG_WARN_INFINITE_RECURSION = YES;
				CLANG_WARN_INT_CONVERSION = YES;
				CLANG_WARN_NON_LITERAL_NULL_CONVERSION = YES;
				CLANG_WARN_OBJC_IMPLICIT_RETAIN_SELF = YES;
				CLANG_WARN_OBJC_LITERAL_CONVERSION = YES;
				CLANG_WARN_OBJC_ROOT_CLASS = YES_ERROR;
				CLANG_WARN_RANGE_LOOP_ANALYSIS = YES;
				CLANG_WARN_STRICT_PROTOTYPES = YES;
				CLANG_WARN_SUSPICIOUS_MOVE = YES;
				CLANG_WARN_UNGUARDED_AVAILABILITY = YES_AGGRESSIVE;
				CLANG_WARN_UNREACHABLE_CODE = YES;
				CLANG_WARN__DUPLICATE_METHOD_MATCH = YES;
				COPY_PHASE_STRIP = NO;
				DEBUG_INFORMATION_FORMAT = dwarf;
				ENABLE_STRICT_OBJC_MSGSEND = YES;
				ENABLE_TESTABILITY = YES;
				GCC_C_LANGUAGE_STANDARD = gnu11;
				GCC_DYNAMIC_NO_PIC = NO;
				GCC_NO_COMMON_BLOCKS = YES;
				GCC_OPTIMIZATION_LEVEL = 0;
				GCC_PREPROCESSOR_DEFINITIONS = (
					"DEBUG=1",
					"$(inherited)",
				);
				GCC_WARN_64_TO_32_BIT_CONVERSION = YES;
				GCC_WARN_ABOUT_RETURN_TYPE = YES_ERROR;
				GCC_WARN_UNDECLARED_SELECTOR = YES;
				GCC_WARN_UNINITIALIZED_AUTOS = YES_AGGRESSIVE;
				GCC_WARN_UNUSED_FUNCTION = YES;
				GCC_WARN_UNUSED_VARIABLE = YES;
				IPHONEOS_DEPLOYMENT_TARGET = 13.6;
				MTL_ENABLE_DEBUG_INFO = INCLUDE_SOURCE;
				MTL_FAST_MATH = YES;
				ONLY_ACTIVE_ARCH = YES;
				SDKROOT = iphoneos;
				SWIFT_ACTIVE_COMPILATION_CONDITIONS = DEBUG;
				SWIFT_OPTIMIZATION_LEVEL = "-Onone";
			};
			name = Debug;
		};
		BA9F06C524ED18FF003A6A7B /* Release */ = {
			isa = XCBuildConfiguration;
			buildSettings = {
				ALWAYS_SEARCH_USER_PATHS = NO;
				CLANG_ANALYZER_NONNULL = YES;
				CLANG_ANALYZER_NUMBER_OBJECT_CONVERSION = YES_AGGRESSIVE;
				CLANG_CXX_LANGUAGE_STANDARD = "gnu++14";
				CLANG_CXX_LIBRARY = "libc++";
				CLANG_ENABLE_MODULES = YES;
				CLANG_ENABLE_OBJC_ARC = YES;
				CLANG_ENABLE_OBJC_WEAK = YES;
				CLANG_WARN_BLOCK_CAPTURE_AUTORELEASING = YES;
				CLANG_WARN_BOOL_CONVERSION = YES;
				CLANG_WARN_COMMA = YES;
				CLANG_WARN_CONSTANT_CONVERSION = YES;
				CLANG_WARN_DEPRECATED_OBJC_IMPLEMENTATIONS = YES;
				CLANG_WARN_DIRECT_OBJC_ISA_USAGE = YES_ERROR;
				CLANG_WARN_DOCUMENTATION_COMMENTS = YES;
				CLANG_WARN_EMPTY_BODY = YES;
				CLANG_WARN_ENUM_CONVERSION = YES;
				CLANG_WARN_INFINITE_RECURSION = YES;
				CLANG_WARN_INT_CONVERSION = YES;
				CLANG_WARN_NON_LITERAL_NULL_CONVERSION = YES;
				CLANG_WARN_OBJC_IMPLICIT_RETAIN_SELF = YES;
				CLANG_WARN_OBJC_LITERAL_CONVERSION = YES;
				CLANG_WARN_OBJC_ROOT_CLASS = YES_ERROR;
				CLANG_WARN_RANGE_LOOP_ANALYSIS = YES;
				CLANG_WARN_STRICT_PROTOTYPES = YES;
				CLANG_WARN_SUSPICIOUS_MOVE = YES;
				CLANG_WARN_UNGUARDED_AVAILABILITY = YES_AGGRESSIVE;
				CLANG_WARN_UNREACHABLE_CODE = YES;
				CLANG_WARN__DUPLICATE_METHOD_MATCH = YES;
				COPY_PHASE_STRIP = NO;
				DEBUG_INFORMATION_FORMAT = "dwarf-with-dsym";
				ENABLE_NS_ASSERTIONS = NO;
				ENABLE_STRICT_OBJC_MSGSEND = YES;
				GCC_C_LANGUAGE_STANDARD = gnu11;
				GCC_NO_COMMON_BLOCKS = YES;
				GCC_WARN_64_TO_32_BIT_CONVERSION = YES;
				GCC_WARN_ABOUT_RETURN_TYPE = YES_ERROR;
				GCC_WARN_UNDECLARED_SELECTOR = YES;
				GCC_WARN_UNINITIALIZED_AUTOS = YES_AGGRESSIVE;
				GCC_WARN_UNUSED_FUNCTION = YES;
				GCC_WARN_UNUSED_VARIABLE = YES;
				IPHONEOS_DEPLOYMENT_TARGET = 13.6;
				MTL_ENABLE_DEBUG_INFO = NO;
				MTL_FAST_MATH = YES;
				SDKROOT = iphoneos;
				SWIFT_COMPILATION_MODE = wholemodule;
				SWIFT_OPTIMIZATION_LEVEL = "-O";
				VALIDATE_PRODUCT = YES;
			};
			name = Release;
		};
		BA9F06C724ED18FF003A6A7B /* Debug */ = {
			isa = XCBuildConfiguration;
			buildSettings = {
				ASSETCATALOG_COMPILER_APPICON_NAME = AppIcon;
				CODE_SIGN_STYLE = Automatic;
				DEVELOPMENT_TEAM = JZS4HVKY22;
				INFOPLIST_FILE = "Pokedex/Supporting Files/Info.plist";
				IPHONEOS_DEPLOYMENT_TARGET = 11.0;
				LD_RUNPATH_SEARCH_PATHS = (
					"$(inherited)",
					"@executable_path/Frameworks",
				);
				PRODUCT_BUNDLE_IDENTIFIER = mge.Pokedex;
				PRODUCT_NAME = "$(TARGET_NAME)";
				SWIFT_VERSION = 5.0;
				TARGETED_DEVICE_FAMILY = "1,2";
			};
			name = Debug;
		};
		BA9F06C824ED18FF003A6A7B /* Release */ = {
			isa = XCBuildConfiguration;
			buildSettings = {
				ASSETCATALOG_COMPILER_APPICON_NAME = AppIcon;
				CODE_SIGN_STYLE = Automatic;
				DEVELOPMENT_TEAM = JZS4HVKY22;
				INFOPLIST_FILE = "Pokedex/Supporting Files/Info.plist";
				IPHONEOS_DEPLOYMENT_TARGET = 11.0;
				LD_RUNPATH_SEARCH_PATHS = (
					"$(inherited)",
					"@executable_path/Frameworks",
				);
				PRODUCT_BUNDLE_IDENTIFIER = mge.Pokedex;
				PRODUCT_NAME = "$(TARGET_NAME)";
				SWIFT_VERSION = 5.0;
				TARGETED_DEVICE_FAMILY = "1,2";
			};
			name = Release;
		};
		BA9F06CA24ED18FF003A6A7B /* Debug */ = {
			isa = XCBuildConfiguration;
			buildSettings = {
				ALWAYS_EMBED_SWIFT_STANDARD_LIBRARIES = YES;
				BUNDLE_LOADER = "$(TEST_HOST)";
				CODE_SIGN_STYLE = Automatic;
				DEVELOPMENT_TEAM = JZS4HVKY22;
				INFOPLIST_FILE = PokedexTests/Info.plist;
				IPHONEOS_DEPLOYMENT_TARGET = 13.6;
				LD_RUNPATH_SEARCH_PATHS = (
					"$(inherited)",
					"@executable_path/Frameworks",
					"@loader_path/Frameworks",
				);
				PRODUCT_BUNDLE_IDENTIFIER = mge.PokedexTests;
				PRODUCT_NAME = "$(TARGET_NAME)";
				SWIFT_VERSION = 5.0;
				TARGETED_DEVICE_FAMILY = "1,2";
				TEST_HOST = "$(BUILT_PRODUCTS_DIR)/Pokedex.app/Pokedex";
			};
			name = Debug;
		};
		BA9F06CB24ED18FF003A6A7B /* Release */ = {
			isa = XCBuildConfiguration;
			buildSettings = {
				ALWAYS_EMBED_SWIFT_STANDARD_LIBRARIES = YES;
				BUNDLE_LOADER = "$(TEST_HOST)";
				CODE_SIGN_STYLE = Automatic;
				DEVELOPMENT_TEAM = JZS4HVKY22;
				INFOPLIST_FILE = PokedexTests/Info.plist;
				IPHONEOS_DEPLOYMENT_TARGET = 13.6;
				LD_RUNPATH_SEARCH_PATHS = (
					"$(inherited)",
					"@executable_path/Frameworks",
					"@loader_path/Frameworks",
				);
				PRODUCT_BUNDLE_IDENTIFIER = mge.PokedexTests;
				PRODUCT_NAME = "$(TARGET_NAME)";
				SWIFT_VERSION = 5.0;
				TARGETED_DEVICE_FAMILY = "1,2";
				TEST_HOST = "$(BUILT_PRODUCTS_DIR)/Pokedex.app/Pokedex";
			};
			name = Release;
		};
/* End XCBuildConfiguration section */

/* Begin XCConfigurationList section */
		BA9F069F24ED18FC003A6A7B /* Build configuration list for PBXProject "Pokedex" */ = {
			isa = XCConfigurationList;
			buildConfigurations = (
				BA9F06C424ED18FF003A6A7B /* Debug */,
				BA9F06C524ED18FF003A6A7B /* Release */,
			);
			defaultConfigurationIsVisible = 0;
			defaultConfigurationName = Release;
		};
		BA9F06C624ED18FF003A6A7B /* Build configuration list for PBXNativeTarget "Pokedex" */ = {
			isa = XCConfigurationList;
			buildConfigurations = (
				BA9F06C724ED18FF003A6A7B /* Debug */,
				BA9F06C824ED18FF003A6A7B /* Release */,
			);
			defaultConfigurationIsVisible = 0;
			defaultConfigurationName = Release;
		};
		BA9F06C924ED18FF003A6A7B /* Build configuration list for PBXNativeTarget "PokedexTests" */ = {
			isa = XCConfigurationList;
			buildConfigurations = (
				BA9F06CA24ED18FF003A6A7B /* Debug */,
				BA9F06CB24ED18FF003A6A7B /* Release */,
			);
			defaultConfigurationIsVisible = 0;
			defaultConfigurationName = Release;
		};
/* End XCConfigurationList section */
	};
	rootObject = BA9F069C24ED18FC003A6A7B /* Project object */;
}
